# THIS IS AN AUTOGENERATED FILE. DO NOT EDIT THIS FILE DIRECTLY.
# yarn lockfile v1


phoenix@^1.5.8:
  version "1.5.8"
  resolved "https://registry.yarnpkg.com/phoenix/-/phoenix-1.5.8.tgz#b411a19e69e21fa45b8c0de8a7a9b1819aff8a2f"
  integrity sha512-oyWPdegBD8KU7zAs1+P3PRqCEchm973yqoUkdMtU9UhMnB0+PY6diofGOPwkxHrUjw6Whi5GqJMv/3Px2JTlkw==
